<?xml version="1.0" encoding="utf-8"?>
<Project ToolsVersion="4.0" xmlns="http://schemas.microsoft.com/developer/msbuild/2003">
  <ItemGroup>
    <ClCompile Include="..\main.c">
      <Filter>Main</Filter>
    </ClCompile>
    <ClCompile Include="..\..\..\..\source\EVE_HAL.c">
      <Filter>Library\source</Filter>
    </ClCompile>
    <ClCompile Include="..\..\..\..\source\EVE_API.c">
      <Filter>Library\source</Filter>
    </ClCompile>
    <ClCompile Include="..\..\common\eve_example.c">
      <Filter>Example</Filter>
    </ClCompile>
    <ClCompile Include="..\..\..\..\ports\eve_emulator\EVE_emulator.c">
      <Filter>Library\ports\eve_emulator</Filter>
    </ClCompile>
    <ClCompile Include="..\..\..\snippets\controls\arcs.c">
      <Filter>Example\snippets</Filter>
    </ClCompile>
    <ClCompile Include="..\..\..\snippets\touch.c">
      <Filter>Example\snippets</Filter>
    </ClCompile>
    <ClCompile Include="..\..\common\eve_assetload_array.c">
      <Filter>Example</Filter>
    </ClCompile>
    <ClCompile Include="..\..\common\eve_assetload_file.c">
      <Filter>Example</Filter>
    </ClCompile>
    <ClCompile Include="..\..\common\eve_assetload_flash.c">
      <Filter>Example</Filter>
    </ClCompile>
    <ClCompile Include="..\..\common\eve_graph_extension.c">
      <Filter>Example</Filter>
    </ClCompile>
    <ClCompile Include="..\..\common\eve_graph_vertexes.c">
      <Filter>Example</Filter>
    </ClCompile>
    <ClCompile Include="..\..\common\eve_tracedata.c">
      <Filter>Example</Filter>
    </ClCompile>
    <ClCompile Include="..\..\common\patch_medinfo.c">
      <Filter>Example</Filter>
    </ClCompile>
    <ClCompile Include="..\..\..\snippets\widgets\dialogs.c">
      <Filter>Example\snippets</Filter>
    </ClCompile>
    <ClCompile Include="..\..\..\snippets\widgets\sevenseg.c">
      <Filter>Example\snippets</Filter>
    </ClCompile>
    <ClCompile Include="..\..\..\snippets\maths\trig_furman.c">
      <Filter>Example\snippets</Filter>
    </ClCompile>
    <ClCompile Include="..\..\assets\c_array_assets\bad.c">
      <Filter>Example\Assets\C_Array_Assets</Filter>
    </ClCompile>
    <ClCompile Include="..\..\assets\c_array_assets\ecg_heart.c">
      <Filter>Example\Assets\C_Array_Assets</Filter>
    </ClCompile>
    <ClCompile Include="..\..\assets\c_array_assets\eurostile_150_L8.c">
      <Filter>Example\Assets\C_Array_Assets</Filter>
    </ClCompile>
    <ClCompile Include="..\..\assets\c_array_assets\good.c">
      <Filter>Example\Assets\C_Array_Assets</Filter>
    </ClCompile>
    <ClCompile Include="..\..\assets\c_array_assets\lock.c">
      <Filter>Example\Assets\C_Array_Assets</Filter>
    </ClCompile>
    <ClCompile Include="..\..\assets\c_array_assets\lock_open_right.c">
      <Filter>Example\Assets\C_Array_Assets</Filter>
    </ClCompile>
    <ClCompile Include="..\..\assets\c_array_assets\off_on.c">
      <Filter>Example\Assets\C_Array_Assets</Filter>
    </ClCompile>
    <ClCompile Include="..\..\assets\c_array_assets\patch_medinfo2.c">
      <Filter>Example\Assets\C_Array_Assets</Filter>
    </ClCompile>
    <ClCompile Include="..\..\assets\c_array_assets\pause_circle.c">
      <Filter>Example\Assets\C_Array_Assets</Filter>
    </ClCompile>
    <ClCompile Include="..\..\assets\c_array_assets\play_circle.c">
      <Filter>Example\Assets\C_Array_Assets</Filter>
    </ClCompile>
    <ClCompile Include="..\..\assets\c_array_assets\sick.c">
      <Filter>Example\Assets\C_Array_Assets</Filter>
    </ClCompile>
    <ClCompile Include="..\..\assets\c_array_assets\silence.c">
      <Filter>Example\Assets\C_Array_Assets</Filter>
    </ClCompile>
    <ClCompile Include="..\..\assets\c_array_assets\volume_down.c">
      <Filter>Example\Assets\C_Array_Assets</Filter>
    </ClCompile>
    <ClCompile Include="..\..\assets\c_array_assets\volume_off.c">
      <Filter>Example\Assets\C_Array_Assets</Filter>
    </ClCompile>
    <ClCompile Include="..\..\assets\c_array_assets\volume_up.c">
      <Filter>Example\Assets\C_Array_Assets</Filter>
    </ClCompile>
    <ClInclude Include="..\..\..\..\include\Platform.h">
      <Filter>Library\include</Filter>
    </ClInclude>
    <ClInclude Include="..\..\..\..\include\MCU.h">
      <Filter>Library\include</Filter>
    </ClInclude>
    <ClInclude Include="..\..\..\..\include\HAL.h">
      <Filter>Library\include</Filter>
    </ClInclude>
    <ClInclude Include="..\..\..\..\include\EVE_config.h">
      <Filter>Library\include</Filter>
    </ClInclude>
    <ClInclude Include="..\..\..\..\include\EVE_defs.h">
      <Filter>Library\include</Filter>
    </ClInclude>
    <ClInclude Include="..\..\..\..\include\EVE.h">
      <Filter>Library\include</Filter>
    </ClInclude>
    <ClInclude Include="..\..\common\eve_example.h">
      <Filter>Example</Filter>
    </ClInclude>
    <ClInclude Include="..\..\common\eve_example.h">
      <Filter>Example</Filter>
    </ClInclude>
    <ClInclude Include="..\..\..\..\include\extensions\bt82x_patch.h">
      <Filter>Library\include\extensions</Filter>
    </ClInclude>
    <ClInclude Include="..\..\..\..\include\extensions\custom_touch_fw.h">
      <Filter>Library\include\extensions</Filter>
    </ClInclude>
    <ClInclude Include="..\..\..\..\source\extensions\custom_touch_fw.c">
      <Filter>Library\source\extensions</Filter>
    </ClInclude>
    <ClInclude Include="..\..\..\..\include\extensions\lcd_panel_init.h">
      <Filter>Library\include\extensions</Filter>
    </ClInclude>
    <ClInclude Include="..\..\..\..\source\extensions\lcd_panel_init.c">
      <Filter>Library\source\extensions</Filter>
    </ClInclude>
    <ClInclude Include="..\..\..\snippets\touch.h">
      <Filter>Example\snippets</Filter>
    </ClInclude>
    <ClInclude Include="..\..\..\snippets\controls\arcs.h">
      <Filter>Example\snippets</Filter>
    </ClInclude>
    <ClInclude Include="..\..\..\..\include\EVE_commands.h">
      <Filter>Library\include</Filter>
    </ClInclude>
    <ClInclude Include="..\..\..\..\include\EVE_debug.h">
      <Filter>Library\include</Filter>
    </ClInclude>
    <ClInclude Include="..\..\..\..\include\EVE_registers.h">
      <Filter>Library\include</Filter>
    </ClInclude>
    <ClInclude Include="..\..\..\..\include\EVE_settings.h">
      <Filter>Library\include</Filter>
    </ClInclude>
    <ClInclude Include="..\..\common\patch_medinfo.h">
      <Filter>Example</Filter>
    </ClInclude>
    <ClInclude Include="..\..\..\snippets\widgets\dialogs.h">
      <Filter>Example\snippets</Filter>
    </ClInclude>
    <ClInclude Include="..\..\..\snippets\widgets\sevenseg.h">
      <Filter>Example\snippets</Filter>
    </ClInclude>
    <ClInclude Include="..\..\..\snippets\maths\trig_furman.h">
      <Filter>Example\snippets</Filter>
    </ClInclude>
    <ClInclude Include="..\..\..\..\ports\eve_emulator\EVE_Emulator\include\bt8xxemu.h">
      <Filter>Library\ports\eve_emulator</Filter>
    </ClInclude>
    <ClInclude Include="..\..\..\..\ports\eve_emulator\EVE_Emulator\include\bt8xxemu_inttypes.h">
      <Filter>Library\ports\eve_emulator</Filter>
    </ClInclude>
  </ItemGroup>
  <ItemGroup>
    <Filter Include="Library">
      <UniqueIdentifier>{13e086ce-b56f-49bc-8574-ead66886a8c4}</UniqueIdentifier>
    </Filter>
    <Filter Include="Library\source">
      <UniqueIdentifier>{a0cebcae-425a-45a0-b40d-04248413a20a}</UniqueIdentifier>
    </Filter>
    <Filter Include="Library\include">
      <UniqueIdentifier>{677f3318-3ae0-483d-a44a-80ec9e94e886}</UniqueIdentifier>
    </Filter>
    <Filter Include="Example">
      <UniqueIdentifier>{ba84a78f-0fec-4e05-a5c8-7326f9ab765d}</UniqueIdentifier>
    </Filter>
    <Filter Include="Library\ports">
      <UniqueIdentifier>{68d7fd8b-5282-498d-b523-f261cf854fbb}</UniqueIdentifier>
    </Filter>
    <Filter Include="Library\source\extensions">
      <UniqueIdentifier>{39816ed1-6707-490c-91cf-c887d49b5516}</UniqueIdentifier>
    </Filter>
    <Filter Include="Library\ports\eve_emulator">
      <UniqueIdentifier>{ea351574-e383-46ad-aee8-075e6870142a}</UniqueIdentifier>
    </Filter>
    <Filter Include="Example\snippets">
      <UniqueIdentifier>{8cc1eb5d-e568-4ac4-a2b5-f35048bddedc}</UniqueIdentifier>
    </Filter>
    <Filter Include="Main">
      <UniqueIdentifier>{9a59d157-19d1-4a1c-b858-3d28005eff3d}</UniqueIdentifier>
    </Filter>
    <Filter Include="Example\Assets">
      <UniqueIdentifier>{f3206ddd-fcb5-4663-8381-28cfe4fd3900}</UniqueIdentifier>
    </Filter>
    <Filter Include="Example\Assets\Source">
      <UniqueIdentifier>{7359b0d0-665d-41e1-ad27-129dfa85e797}</UniqueIdentifier>
    </Filter>
    <Filter Include="Example\Assets\C_Array_Assets">
      <UniqueIdentifier>{9f8fafa3-ee7c-4e71-ada9-ff039006db7c}</UniqueIdentifier>
    </Filter>
    <Filter Include="Library\include\extensions">
      <UniqueIdentifier>{823da6a4-a341-42d0-9338-57deee70fc6b}</UniqueIdentifier>
    </Filter>
  </ItemGroup>
  <ItemGroup>
    <None Include="..\..\assets\flash-820-default.bin">
      <Filter>Example\Assets</Filter>
    </None>
    <None Include="..\..\assets\flash-820-default.map">
      <Filter>Example\Assets</Filter>
    </None>
    <None Include="..\..\assets\flashmap.py">
      <Filter>Example\Assets</Filter>
    </None>
    <None Include="..\..\assets\source\eurostile_150_L8.raw">
      <Filter>Example\Assets\Source</Filter>
    </None>
    <None Include="..\..\assets\source\patch_medinfo2.bin">
      <Filter>Example\Assets\Source</Filter>
    </None>
  </ItemGroup>
  <ItemGroup>
    <Image Include="..\..\assets\source\bad.png">
      <Filter>Example\Assets\Source</Filter>
    </Image>
    <Image Include="..\..\assets\source\ecg_heart.png">
      <Filter>Example\Assets\Source</Filter>
    </Image>
    <Image Include="..\..\assets\source\good.png">
      <Filter>Example\Assets\Source</Filter>
    </Image>
    <Image Include="..\..\assets\source\lock.png">
      <Filter>Example\Assets\Source</Filter>
    </Image>
    <Image Include="..\..\assets\source\lock_open_right.png">
      <Filter>Example\Assets\Source</Filter>
    </Image>
    <Image Include="..\..\assets\source\off_on.png">
      <Filter>Example\Assets\Source</Filter>
    </Image>
    <Image Include="..\..\assets\source\pause_circle.png">
      <Filter>Example\Assets\Source</Filter>
    </Image>
    <Image Include="..\..\assets\source\play_circle.png">
      <Filter>Example\Assets\Source</Filter>
    </Image>
    <Image Include="..\..\assets\source\sick.png">
      <Filter>Example\Assets\Source</Filter>
    </Image>
    <Image Include="..\..\assets\source\silence.png">
      <Filter>Example\Assets\Source</Filter>
    </Image>
    <Image Include="..\..\assets\source\volume_down.png">
      <Filter>Example\Assets\Source</Filter>
    </Image>
    <Image Include="..\..\assets\source\volume_off.png">
      <Filter>Example\Assets\Source</Filter>
    </Image>
    <Image Include="..\..\assets\source\volume_up.png">
      <Filter>Example\Assets\Source</Filter>
    </Image>
  </ItemGroup>
</Project>